
Microsoft Visual Studio Solution File, Format Version 12.00
# Visual Studio Version 17
VisualStudioVersion = 17.11.35431.28
MinimumVisualStudioVersion = 10.0.40219.1
Project("{FAE04EC0-301F-11D3-BF4B-00C04F79EFBC}") = "Session_4", "Session_4\Session_4.csproj", "{60AB5825-19C1-4E8D-AD93-076CDB63BCD5}"
EndProject
Project("{FAE04EC0-301F-11D3-BF4B-00C04F79EFBC}") = "Core", "Core\Core.csproj", "{9E68E045-B7E5-4DB6-AED8-0511790BA81A}"
EndProject
Project("{FAE04EC0-301F-11D3-BF4B-00C04F79EFBC}") = "Concrete", "Concrete\Concrete.csproj", "{4EFF59BB-661F-45A8-BAC1-ABFA0DCDB7C7}"
EndProject
Global
	GlobalSection(SolutionConfigurationPlatforms) = preSolution
		Debug|Any CPU = Debug|Any CPU
		Release|Any CPU = Release|Any CPU
	EndGlobalSection
	GlobalSection(ProjectConfigurationPlatforms) = postSolution
		{60AB5825-19C1-4E8D-AD93-076CDB63BCD5}.Debug|Any CPU.ActiveCfg = Debug|Any CPU
		{60AB5825-19C1-4E8D-AD93-076CDB63BCD5}.Debug|Any CPU.Build.0 = Debug|Any CPU
		{60AB5825-19C1-4E8D-AD93-076CDB63BCD5}.Release|Any CPU.ActiveCfg = Release|Any CPU
		{60AB5825-19C1-4E8D-AD93-076CDB63BCD5}.Release|Any CPU.Build.0 = Release|Any CPU
		{9E68E045-B7E5-4DB6-AED8-0511790BA81A}.Debug|Any CPU.ActiveCfg = Debug|Any CPU
		{9E68E045-B7E5-4DB6-AED8-0511790BA81A}.Debug|Any CPU.Build.0 = Debug|Any CPU
		{9E68E045-B7E5-4DB6-AED8-0511790BA81A}.Release|Any CPU.ActiveCfg = Release|Any CPU
		{9E68E045-B7E5-4DB6-AED8-0511790BA81A}.Release|Any CPU.Build.0 = Release|Any CPU
		{4EFF59BB-661F-45A8-BAC1-ABFA0DCDB7C7}.Debug|Any CPU.ActiveCfg = Debug|Any CPU
		{4EFF59BB-661F-45A8-BAC1-ABFA0DCDB7C7}.Debug|Any CPU.Build.0 = Debug|Any CPU
		{4EFF59BB-661F-45A8-BAC1-ABFA0DCDB7C7}.Release|Any CPU.ActiveCfg = Release|Any CPU
		{4EFF59BB-661F-45A8-BAC1-ABFA0DCDB7C7}.Release|Any CPU.Build.0 = Release|Any CPU
	EndGlobalSection
	GlobalSection(SolutionProperties) = preSolution
		HideSolutionNode = FALSE
	EndGlobalSection
	GlobalSection(ExtensibilityGlobals) = postSolution
		SolutionGuid = {F4029647-6983-4676-888C-8783D427DFC6}
	EndGlobalSection
EndGlobal
