
Microsoft Visual Studio Solution File, Format Version 12.00
# Visual Studio Version 17
VisualStudioVersion = 17.11.35431.28
MinimumVisualStudioVersion = 10.0.40219.1
Project("{FAE04EC0-301F-11D3-BF4B-00C04F79EFBC}") = "Session_6", "Session_6\Session_6.csproj", "{6B0E75C7-E5FA-4D30-864D-0456E22231C8}"
EndProject
Global
	GlobalSection(SolutionConfigurationPlatforms) = preSolution
		Debug|Any CPU = Debug|Any CPU
		Release|Any CPU = Release|Any CPU
	EndGlobalSection
	GlobalSection(ProjectConfigurationPlatforms) = postSolution
		{6B0E75C7-E5FA-4D30-864D-0456E22231C8}.Debug|Any CPU.ActiveCfg = Debug|Any CPU
		{6B0E75C7-E5FA-4D30-864D-0456E22231C8}.Debug|Any CPU.Build.0 = Debug|Any CPU
		{6B0E75C7-E5FA-4D30-864D-0456E22231C8}.Release|Any CPU.ActiveCfg = Release|Any CPU
		{6B0E75C7-E5FA-4D30-864D-0456E22231C8}.Release|Any CPU.Build.0 = Release|Any CPU
	EndGlobalSection
	GlobalSection(SolutionProperties) = preSolution
		HideSolutionNode = FALSE
	EndGlobalSection
	GlobalSection(ExtensibilityGlobals) = postSolution
		SolutionGuid = {EB94D710-B6E0-4BB8-A2E7-354C26D9B5AE}
	EndGlobalSection
EndGlobal
